
Microsoft Visual Studio Solution File, Format Version 12.00
# Visual Studio Version 16
VisualStudioVersion = 16.0.30413.136
MinimumVisualStudioVersion = 10.0.40219.1
Project("{FAE04EC0-301F-11D3-BF4B-00C04F79EFBC}") = "DIO.SERIES", "DIO.SERIES.csproj", "{662695F7-530B-4BC3-AAD9-395C7EA93736}"
EndProject
Global
	GlobalSection(SolutionConfigurationPlatforms) = preSolution
		Debug|Any CPU = Debug|Any CPU
		Release|Any CPU = Release|Any CPU
	EndGlobalSection
	GlobalSection(ProjectConfigurationPlatforms) = postSolution
		{662695F7-530B-4BC3-AAD9-395C7EA93736}.Debug|Any CPU.ActiveCfg = Debug|Any CPU
		{662695F7-530B-4BC3-AAD9-395C7EA93736}.Debug|Any CPU.Build.0 = Debug|Any CPU
		{662695F7-530B-4BC3-AAD9-395C7EA93736}.Release|Any CPU.ActiveCfg = Release|Any CPU
		{662695F7-530B-4BC3-AAD9-395C7EA93736}.Release|Any CPU.Build.0 = Release|Any CPU
	EndGlobalSection
	GlobalSection(SolutionProperties) = preSolution
		HideSolutionNode = FALSE
	EndGlobalSection
	GlobalSection(ExtensibilityGlobals) = postSolution
		SolutionGuid = {A35E5D93-320F-45FF-89F8-3334A62059F7}
	EndGlobalSection
EndGlobal
